
Microsoft Visual Studio Solution File, Format Version 12.00
# Visual Studio Version 16
VisualStudioVersion = 16.0.31205.134
MinimumVisualStudioVersion = 10.0.40219.1
Project("{9A19103F-16F7-4668-BE54-9A1E7A4F7556}") = "SpaceHosting.Service", "SpaceHosting.Service\SpaceHosting.Service.csproj", "{CDF47CAB-F284-43B3-BDCB-5A44701A9375}"
EndProject
Project("{2150E333-8FDC-42A3-9474-1A3956D46DE8}") = "Scripts", "Scripts", "{66E42814-877F-4D7F-9987-B16A5FF7CD3B}"
	ProjectSection(SolutionItems) = preProject
		docker-compose-up.sh = docker-compose-up.sh
		docker-compose.yaml = docker-compose.yaml
		Dockerfile = Dockerfile
	EndProjectSection
EndProject
Project("{9A19103F-16F7-4668-BE54-9A1E7A4F7556}") = "SpaceHosting.Service.Tests", "SpaceHosting.Service.Tests\SpaceHosting.Service.Tests.csproj", "{A86CCCD4-B681-4F6E-9CF7-8189B476F543}"
EndProject
Project("{9A19103F-16F7-4668-BE54-9A1E7A4F7556}") = "SpaceHosting", "SpaceHosting\SpaceHosting.csproj", "{20D799F6-A299-4071-B41D-1BF972F0D332}"
EndProject
Global
	GlobalSection(SolutionConfigurationPlatforms) = preSolution
		Debug|Any CPU = Debug|Any CPU
		Release|Any CPU = Release|Any CPU
	EndGlobalSection
	GlobalSection(ProjectConfigurationPlatforms) = postSolution
		{CDF47CAB-F284-43B3-BDCB-5A44701A9375}.Debug|Any CPU.ActiveCfg = Debug|Any CPU
		{CDF47CAB-F284-43B3-BDCB-5A44701A9375}.Debug|Any CPU.Build.0 = Debug|Any CPU
		{CDF47CAB-F284-43B3-BDCB-5A44701A9375}.Release|Any CPU.ActiveCfg = Release|Any CPU
		{CDF47CAB-F284-43B3-BDCB-5A44701A9375}.Release|Any CPU.Build.0 = Release|Any CPU
		{A86CCCD4-B681-4F6E-9CF7-8189B476F543}.Debug|Any CPU.ActiveCfg = Debug|Any CPU
		{A86CCCD4-B681-4F6E-9CF7-8189B476F543}.Debug|Any CPU.Build.0 = Debug|Any CPU
		{A86CCCD4-B681-4F6E-9CF7-8189B476F543}.Release|Any CPU.ActiveCfg = Release|Any CPU
		{A86CCCD4-B681-4F6E-9CF7-8189B476F543}.Release|Any CPU.Build.0 = Release|Any CPU
		{20D799F6-A299-4071-B41D-1BF972F0D332}.Debug|Any CPU.ActiveCfg = Debug|Any CPU
		{20D799F6-A299-4071-B41D-1BF972F0D332}.Debug|Any CPU.Build.0 = Debug|Any CPU
		{20D799F6-A299-4071-B41D-1BF972F0D332}.Release|Any CPU.ActiveCfg = Release|Any CPU
		{20D799F6-A299-4071-B41D-1BF972F0D332}.Release|Any CPU.Build.0 = Release|Any CPU
	EndGlobalSection
	GlobalSection(SolutionProperties) = preSolution
		HideSolutionNode = FALSE
	EndGlobalSection
	GlobalSection(ExtensibilityGlobals) = postSolution
		SolutionGuid = {421BF17D-8E97-42D8-84BA-A086E33BAF5B}
	EndGlobalSection
EndGlobal
